Microsoft Visual Studio Solution File, Format Version 11.00
# Visual Studio 2008

Project("{83F4DFAC-E310-F875-AED4-104DBAF203FB}") = "CETI FTB", "Assembly-CSharp-firstpass.csproj", "{15581E07-4470-11BC-5B69-D6A8F0FCB2FD}"
EndProject
Project("{83F4DFAC-E310-F875-AED4-104DBAF203FB}") = "CETI FTB", "Assembly-CSharp.csproj", "{F1D05235-B324-20AF-4F78-75279DB0EFB2}"
EndProject
Project("{83F4DFAC-E310-F875-AED4-104DBAF203FB}") = "CETI FTB", "Assembly-CSharp-Editor.csproj", "{42913053-3E9F-9E8C-6E98-B0C57D9EE360}"
EndProject
Project("{83F4DFAC-E310-F875-AED4-104DBAF203FB}") = "CETI FTB", "Assembly-UnityScript-firstpass.unityproj", "{21B1F0C4-CEE9-7D0B-9B99-10CF1FA0F442}"
EndProject
Project("{83F4DFAC-E310-F875-AED4-104DBAF203FB}") = "CETI FTB", "Assembly-UnityScript.unityproj", "{0DF3147B-9414-9F9B-A8AF-B5C210380672}"
EndProject
Global
	GlobalSection(SolutionConfigurationPlatforms) = preSolution
		Debug|Any CPU = Debug|Any CPU
		Release|Any CPU = Release|Any CPU
	EndGlobalSection
	GlobalSection(ProjectConfigurationPlatforms) = postSolution
		{15581E07-4470-11BC-5B69-D6A8F0FCB2FD}.Debug|Any CPU.ActiveCfg = Debug|Any CPU
		{15581E07-4470-11BC-5B69-D6A8F0FCB2FD}.Debug|Any CPU.Build.0 = Debug|Any CPU
		{15581E07-4470-11BC-5B69-D6A8F0FCB2FD}.Release|Any CPU.ActiveCfg = Release|Any CPU
		{15581E07-4470-11BC-5B69-D6A8F0FCB2FD}.Release|Any CPU.Build.0 = Release|Any CPU
		{F1D05235-B324-20AF-4F78-75279DB0EFB2}.Debug|Any CPU.ActiveCfg = Debug|Any CPU
		{F1D05235-B324-20AF-4F78-75279DB0EFB2}.Debug|Any CPU.Build.0 = Debug|Any CPU
		{F1D05235-B324-20AF-4F78-75279DB0EFB2}.Release|Any CPU.ActiveCfg = Release|Any CPU
		{F1D05235-B324-20AF-4F78-75279DB0EFB2}.Release|Any CPU.Build.0 = Release|Any CPU
		{42913053-3E9F-9E8C-6E98-B0C57D9EE360}.Debug|Any CPU.ActiveCfg = Debug|Any CPU
		{42913053-3E9F-9E8C-6E98-B0C57D9EE360}.Debug|Any CPU.Build.0 = Debug|Any CPU
		{42913053-3E9F-9E8C-6E98-B0C57D9EE360}.Release|Any CPU.ActiveCfg = Release|Any CPU
		{42913053-3E9F-9E8C-6E98-B0C57D9EE360}.Release|Any CPU.Build.0 = Release|Any CPU
		{21B1F0C4-CEE9-7D0B-9B99-10CF1FA0F442}.Debug|Any CPU.ActiveCfg = Debug|Any CPU
		{21B1F0C4-CEE9-7D0B-9B99-10CF1FA0F442}.Debug|Any CPU.Build.0 = Debug|Any CPU
		{21B1F0C4-CEE9-7D0B-9B99-10CF1FA0F442}.Release|Any CPU.ActiveCfg = Release|Any CPU
		{21B1F0C4-CEE9-7D0B-9B99-10CF1FA0F442}.Release|Any CPU.Build.0 = Release|Any CPU
		{0DF3147B-9414-9F9B-A8AF-B5C210380672}.Debug|Any CPU.ActiveCfg = Debug|Any CPU
		{0DF3147B-9414-9F9B-A8AF-B5C210380672}.Debug|Any CPU.Build.0 = Debug|Any CPU
		{0DF3147B-9414-9F9B-A8AF-B5C210380672}.Release|Any CPU.ActiveCfg = Release|Any CPU
		{0DF3147B-9414-9F9B-A8AF-B5C210380672}.Release|Any CPU.Build.0 = Release|Any CPU
	EndGlobalSection
	GlobalSection(SolutionProperties) = preSolution
		HideSolutionNode = FALSE
	EndGlobalSection
	GlobalSection(MonoDevelopProperties) = preSolution
		StartupItem = Assembly-CSharp.csproj
	EndGlobalSection
EndGlobal
